
Microsoft Visual Studio Solution File, Format Version 12.00
Project("{FAE04EC0-301F-11D3-BF4B-00C04F79EFBC}") = "TicketsWithSearch", "TicketsWithSearch\TicketsWithSearch.csproj", "{DA6C623D-F2E9-489A-B124-1937F2B1A806}"
EndProject
Global
	GlobalSection(SolutionConfigurationPlatforms) = preSolution
		Debug|Any CPU = Debug|Any CPU
		Release|Any CPU = Release|Any CPU
	EndGlobalSection
	GlobalSection(ProjectConfigurationPlatforms) = postSolution
		{DA6C623D-F2E9-489A-B124-1937F2B1A806}.Debug|Any CPU.ActiveCfg = Debug|Any CPU
		{DA6C623D-F2E9-489A-B124-1937F2B1A806}.Debug|Any CPU.Build.0 = Debug|Any CPU
		{DA6C623D-F2E9-489A-B124-1937F2B1A806}.Release|Any CPU.ActiveCfg = Release|Any CPU
		{DA6C623D-F2E9-489A-B124-1937F2B1A806}.Release|Any CPU.Build.0 = Release|Any CPU
	EndGlobalSection
EndGlobal
